
Microsoft Visual Studio Solution File, Format Version 12.00
# Visual Studio Version 17
VisualStudioVersion = 17.2.32602.215
MinimumVisualStudioVersion = 10.0.40219.1
Project("{FAE04EC0-301F-11D3-BF4B-00C04F79EFBC}") = "MBA_CoverLetters", "MBA_CoverLetters\MBA_CoverLetters.csproj", "{9C578187-25F0-4FE3-8C62-08D39B58F45B}"
EndProject
Global
	GlobalSection(SolutionConfigurationPlatforms) = preSolution
		Debug|Any CPU = Debug|Any CPU
		Release|Any CPU = Release|Any CPU
	EndGlobalSection
	GlobalSection(ProjectConfigurationPlatforms) = postSolution
		{9C578187-25F0-4FE3-8C62-08D39B58F45B}.Debug|Any CPU.ActiveCfg = Debug|Any CPU
		{9C578187-25F0-4FE3-8C62-08D39B58F45B}.Debug|Any CPU.Build.0 = Debug|Any CPU
		{9C578187-25F0-4FE3-8C62-08D39B58F45B}.Release|Any CPU.ActiveCfg = Release|Any CPU
		{9C578187-25F0-4FE3-8C62-08D39B58F45B}.Release|Any CPU.Build.0 = Release|Any CPU
	EndGlobalSection
	GlobalSection(SolutionProperties) = preSolution
		HideSolutionNode = FALSE
	EndGlobalSection
	GlobalSection(ExtensibilityGlobals) = postSolution
		SolutionGuid = {26BF5A19-F99C-4283-B437-F5E9D9125004}
	EndGlobalSection
EndGlobal
